
Microsoft Visual Studio Solution File, Format Version 12.00
# Visual Studio 15
Project("{FAE04EC0-301F-11D3-BF4B-00C04F79EFBC}") = "Assembly-CSharp", "Assembly-CSharp.csproj", "{5A7700F8-B63A-12CF-1D6A-30D0782D48C3}"
EndProject
Project("{FAE04EC0-301F-11D3-BF4B-00C04F79EFBC}") = "Assembly-CSharp-Editor", "Assembly-CSharp-Editor.csproj", "{D7BB51A0-D806-C494-1174-39F8779EE2EE}"
EndProject
Global
	GlobalSection(SolutionConfigurationPlatforms) = preSolution
		Debug|Any CPU = Debug|Any CPU
		Release|Any CPU = Release|Any CPU
	EndGlobalSection
	GlobalSection(ProjectConfigurationPlatforms) = postSolution
		{5A7700F8-B63A-12CF-1D6A-30D0782D48C3}.Debug|Any CPU.ActiveCfg = Debug|Any CPU
		{5A7700F8-B63A-12CF-1D6A-30D0782D48C3}.Debug|Any CPU.Build.0 = Debug|Any CPU
		{5A7700F8-B63A-12CF-1D6A-30D0782D48C3}.Release|Any CPU.ActiveCfg = Release|Any CPU
		{5A7700F8-B63A-12CF-1D6A-30D0782D48C3}.Release|Any CPU.Build.0 = Release|Any CPU
		{D7BB51A0-D806-C494-1174-39F8779EE2EE}.Debug|Any CPU.ActiveCfg = Debug|Any CPU
		{D7BB51A0-D806-C494-1174-39F8779EE2EE}.Debug|Any CPU.Build.0 = Debug|Any CPU
		{D7BB51A0-D806-C494-1174-39F8779EE2EE}.Release|Any CPU.ActiveCfg = Release|Any CPU
		{D7BB51A0-D806-C494-1174-39F8779EE2EE}.Release|Any CPU.Build.0 = Release|Any CPU
	EndGlobalSection
	GlobalSection(SolutionProperties) = preSolution
		HideSolutionNode = FALSE
	EndGlobalSection
EndGlobal
